PODS:
  - Alamofire (5.4.3)
  - GoogleMaps (5.1.0):
    - GoogleMaps/Maps (= 5.1.0)
  - GoogleMaps/Base (5.1.0)
  - GoogleMaps/Maps (5.1.0):
    - GoogleMaps/Base
  - KFSwiftImageLoader (4.0.0)
  - SwiftSpinner (2.2.0)

DEPENDENCIES:
  - Alamofire (~> 5.2)
  - GoogleMaps (= 5.1.0)
  - KFSwiftImageLoader (~> 4.0)
  - SwiftSpinner

SPEC REPOS:
  trunk:
    - Alamofire
    - GoogleMaps
    - KFSwiftImageLoader
    - SwiftSpinner

SPEC CHECKSUMS:
  Alamofire: e447a2774a40c996748296fa2c55112fdbbc42f9
  GoogleMaps: 086ae1dab659eaa7339bdb30fc88e2f44e7c597c
  KFSwiftImageLoader: f6edb1af1c9ed23906509d4db7e00edc1086228b
  SwiftSpinner: f9b59477fe107427f2b5b835497d6636fa167ede

PODFILE CHECKSUM: fa7bb865cd6f594de3f755369254fece7b2dad90

COCOAPODS: 1.10.1
